// !$*UTF8*$!
{
	archiveVersion = 1;
	classes = {
	};
	objectVersion = 56;
	objects = {

/* Begin PBXBuildFile section */
		210C57222A0F0F41005BE9BD /* AppDelegate.swift in Sources */ = {isa = PBXBuildFile; fileRef = 210C57212A0F0F41005BE9BD /* AppDelegate.swift */; };
		210C57242A0F0F41005BE9BD /* SceneDelegate.swift in Sources */ = {isa = PBXBuildFile; fileRef = 210C57232A0F0F41005BE9BD /* SceneDelegate.swift */; };
		210C572B2A0F0F43005BE9BD /* Assets.xcassets in Resources */ = {isa = PBXBuildFile; fileRef = 210C572A2A0F0F43005BE9BD /* Assets.xcassets */; };
		210C572E2A0F0F43005BE9BD /* LaunchScreen.storyboard in Resources */ = {isa = PBXBuildFile; fileRef = 210C572C2A0F0F43005BE9BD /* LaunchScreen.storyboard */; };
		210C57392A0F0F43005BE9BD /* The_ProductsTests.swift in Sources */ = {isa = PBXBuildFile; fileRef = 210C57382A0F0F43005BE9BD /* The_ProductsTests.swift */; };
		210C57432A0F0F43005BE9BD /* The_ProductsUITests.swift in Sources */ = {isa = PBXBuildFile; fileRef = 210C57422A0F0F43005BE9BD /* The_ProductsUITests.swift */; };
		210C57452A0F0F43005BE9BD /* The_ProductsUITestsLaunchTests.swift in Sources */ = {isa = PBXBuildFile; fileRef = 210C57442A0F0F43005BE9BD /* The_ProductsUITestsLaunchTests.swift */; };
		210C57582A0F1037005BE9BD /* Constants.swift in Sources */ = {isa = PBXBuildFile; fileRef = 210C57572A0F1037005BE9BD /* Constants.swift */; };
		210C575A2A0F122C005BE9BD /* ServiceManager.swift in Sources */ = {isa = PBXBuildFile; fileRef = 210C57592A0F122C005BE9BD /* ServiceManager.swift */; };
		210C575C2A0F125B005BE9BD /* ProductsListModel.swift in Sources */ = {isa = PBXBuildFile; fileRef = 210C575B2A0F125B005BE9BD /* ProductsListModel.swift */; };
		210C575E2A0F1267005BE9BD /* ProductsListVC.swift in Sources */ = {isa = PBXBuildFile; fileRef = 210C575D2A0F1267005BE9BD /* ProductsListVC.swift */; };
		210C57602A0F127B005BE9BD /* ProductsListVM.swift in Sources */ = {isa = PBXBuildFile; fileRef = 210C575F2A0F127B005BE9BD /* ProductsListVM.swift */; };
		210C57662A0F1847005BE9BD /* ProductsListTVCell.swift in Sources */ = {isa = PBXBuildFile; fileRef = 210C57652A0F1847005BE9BD /* ProductsListTVCell.swift */; };
		210C57692A0FFA2B005BE9BD /* ImageDownload.swift in Sources */ = {isa = PBXBuildFile; fileRef = 210C57682A0FFA2B005BE9BD /* ImageDownload.swift */; };
		210C576C2A101C5A005BE9BD /* BehaviourProtocol.swift in Sources */ = {isa = PBXBuildFile; fileRef = 210C576B2A101C5A005BE9BD /* BehaviourProtocol.swift */; };
		210C576E2A10640F005BE9BD /* ProductListServiceProtocol.swift in Sources */ = {isa = PBXBuildFile; fileRef = 210C576D2A10640F005BE9BD /* ProductListServiceProtocol.swift */; };
		210C57702A106B66005BE9BD /* ProductListService.swift in Sources */ = {isa = PBXBuildFile; fileRef = 210C576F2A106B66005BE9BD /* ProductListService.swift */; };
		210C57752A107036005BE9BD /* ProductListMock2.json in Resources */ = {isa = PBXBuildFile; fileRef = 210C57742A107036005BE9BD /* ProductListMock2.json */; };
		210C57772A10709A005BE9BD /* ProductListVCTests.swift in Sources */ = {isa = PBXBuildFile; fileRef = 210C57762A10709A005BE9BD /* ProductListVCTests.swift */; };
		210C57782A1070C5005BE9BD /* ProductsListVC.swift in Sources */ = {isa = PBXBuildFile; fileRef = 210C575D2A0F1267005BE9BD /* ProductsListVC.swift */; };
		210C577A2A1073A0005BE9BD /* MockHelper.swift in Sources */ = {isa = PBXBuildFile; fileRef = 210C57792A1073A0005BE9BD /* MockHelper.swift */; };
		210C577C2A1073EE005BE9BD /* ProductListMock3.json in Sources */ = {isa = PBXBuildFile; fileRef = 210C577B2A1073EE005BE9BD /* ProductListMock3.json */; };
		210C577D2A107889005BE9BD /* ProductListServiceProtocol.swift in Sources */ = {isa = PBXBuildFile; fileRef = 210C576D2A10640F005BE9BD /* ProductListServiceProtocol.swift */; };
		210C577E2A10788F005BE9BD /* ProductListService.swift in Sources */ = {isa = PBXBuildFile; fileRef = 210C576F2A106B66005BE9BD /* ProductListService.swift */; };
		210C577F2A107892005BE9BD /* ProductsListVM.swift in Sources */ = {isa = PBXBuildFile; fileRef = 210C575F2A0F127B005BE9BD /* ProductsListVM.swift */; };
		210C57802A107898005BE9BD /* ProductsListTVCell.swift in Sources */ = {isa = PBXBuildFile; fileRef = 210C57652A0F1847005BE9BD /* ProductsListTVCell.swift */; };
		210C57812A10789B005BE9BD /* ImageDownload.swift in Sources */ = {isa = PBXBuildFile; fileRef = 210C57682A0FFA2B005BE9BD /* ImageDownload.swift */; };
		210C57822A10789F005BE9BD /* Constants.swift in Sources */ = {isa = PBXBuildFile; fileRef = 210C57572A0F1037005BE9BD /* Constants.swift */; };
		210C57832A1078A2005BE9BD /* ServiceManager.swift in Sources */ = {isa = PBXBuildFile; fileRef = 210C57592A0F122C005BE9BD /* ServiceManager.swift */; };
		210C57842A1078A6005BE9BD /* BehaviourProtocol.swift in Sources */ = {isa = PBXBuildFile; fileRef = 210C576B2A101C5A005BE9BD /* BehaviourProtocol.swift */; };
		210C57852A1078AB005BE9BD /* SceneDelegate.swift in Sources */ = {isa = PBXBuildFile; fileRef = 210C57232A0F0F41005BE9BD /* SceneDelegate.swift */; };
		210C57862A1078AE005BE9BD /* ProductsListModel.swift in Sources */ = {isa = PBXBuildFile; fileRef = 210C575B2A0F125B005BE9BD /* ProductsListModel.swift */; };
		210C57892A1154C5005BE9BD /* ProductListMock1.json in Resources */ = {isa = PBXBuildFile; fileRef = 210C57882A1154C5005BE9BD /* ProductListMock1.json */; };
		210C578B2A115534005BE9BD /* ProductListMock4.json in Resources */ = {isa = PBXBuildFile; fileRef = 210C578A2A115534005BE9BD /* ProductListMock4.json */; };
/* End PBXBuildFile section */

/* Begin PBXContainerItemProxy section */
		210C57352A0F0F43005BE9BD /* PBXContainerItemProxy */ = {
			isa = PBXContainerItemProxy;
			containerPortal = 210C57162A0F0F41005BE9BD /* Project object */;
			proxyType = 1;
			remoteGlobalIDString = 210C571D2A0F0F41005BE9BD;
			remoteInfo = "The Products";
		};
		210C573F2A0F0F43005BE9BD /* PBXContainerItemProxy */ = {
			isa = PBXContainerItemProxy;
			containerPortal = 210C57162A0F0F41005BE9BD /* Project object */;
			proxyType = 1;
			remoteGlobalIDString = 210C571D2A0F0F41005BE9BD;
			remoteInfo = "The Products";
		};
/* End PBXContainerItemProxy section */

/* Begin PBXFileReference section */
		210C571E2A0F0F41005BE9BD /* The Products.app */ = {isa = PBXFileReference; explicitFileType = wrapper.application; includeInIndex = 0; path = "The Products.app"; sourceTree = BUILT_PRODUCTS_DIR; };
		210C57212A0F0F41005BE9BD /* AppDelegate.swift */ = {isa = PBXFileReference; lastKnownFileType = sourcecode.swift; path = AppDelegate.swift; sourceTree = "<group>"; };
		210C57232A0F0F41005BE9BD /* SceneDelegate.swift */ = {isa = PBXFileReference; lastKnownFileType = sourcecode.swift; path = SceneDelegate.swift; sourceTree = "<group>"; };
		210C572A2A0F0F43005BE9BD /* Assets.xcassets */ = {isa = PBXFileReference; lastKnownFileType = folder.assetcatalog; path = Assets.xcassets; sourceTree = "<group>"; };
		210C572D2A0F0F43005BE9BD /* Base */ = {isa = PBXFileReference; lastKnownFileType = file.storyboard; name = Base; path = Base.lproj/LaunchScreen.storyboard; sourceTree = "<group>"; };
		210C572F2A0F0F43005BE9BD /* Info.plist */ = {isa = PBXFileReference; lastKnownFileType = text.plist.xml; path = Info.plist; sourceTree = "<group>"; };
		210C57342A0F0F43005BE9BD /* The ProductsTests.xctest */ = {isa = PBXFileReference; explicitFileType = wrapper.cfbundle; includeInIndex = 0; path = "The ProductsTests.xctest"; sourceTree = BUILT_PRODUCTS_DIR; };
		210C57382A0F0F43005BE9BD /* The_ProductsTests.swift */ = {isa = PBXFileReference; lastKnownFileType = sourcecode.swift; path = The_ProductsTests.swift; sourceTree = "<group>"; };
		210C573E2A0F0F43005BE9BD /* The ProductsUITests.xctest */ = {isa = PBXFileReference; explicitFileType = wrapper.cfbundle; includeInIndex = 0; path = "The ProductsUITests.xctest"; sourceTree = BUILT_PRODUCTS_DIR; };
		210C57422A0F0F43005BE9BD /* The_ProductsUITests.swift */ = {isa = PBXFileReference; lastKnownFileType = sourcecode.swift; path = The_ProductsUITests.swift; sourceTree = "<group>"; };
		210C57442A0F0F43005BE9BD /* The_ProductsUITestsLaunchTests.swift */ = {isa = PBXFileReference; lastKnownFileType = sourcecode.swift; path = The_ProductsUITestsLaunchTests.swift; sourceTree = "<group>"; };
		210C57572A0F1037005BE9BD /* Constants.swift */ = {isa = PBXFileReference; lastKnownFileType = sourcecode.swift; path = Constants.swift; sourceTree = "<group>"; };
		210C57592A0F122C005BE9BD /* ServiceManager.swift */ = {isa = PBXFileReference; lastKnownFileType = sourcecode.swift; path = ServiceManager.swift; sourceTree = "<group>"; };
		210C575B2A0F125B005BE9BD /* ProductsListModel.swift */ = {isa = PBXFileReference; lastKnownFileType = sourcecode.swift; path = ProductsListModel.swift; sourceTree = "<group>"; };
		210C575D2A0F1267005BE9BD /* ProductsListVC.swift */ = {isa = PBXFileReference; lastKnownFileType = sourcecode.swift; path = ProductsListVC.swift; sourceTree = "<group>"; };
		210C575F2A0F127B005BE9BD /* ProductsListVM.swift */ = {isa = PBXFileReference; lastKnownFileType = sourcecode.swift; path = ProductsListVM.swift; sourceTree = "<group>"; };
		210C57652A0F1847005BE9BD /* ProductsListTVCell.swift */ = {isa = PBXFileReference; lastKnownFileType = sourcecode.swift; path = ProductsListTVCell.swift; sourceTree = "<group>"; };
		210C57682A0FFA2B005BE9BD /* ImageDownload.swift */ = {isa = PBXFileReference; lastKnownFileType = sourcecode.swift; path = ImageDownload.swift; sourceTree = "<group>"; };
		210C576B2A101C5A005BE9BD /* BehaviourProtocol.swift */ = {isa = PBXFileReference; lastKnownFileType = sourcecode.swift; path = BehaviourProtocol.swift; sourceTree = "<group>"; };
		210C576D2A10640F005BE9BD /* ProductListServiceProtocol.swift */ = {isa = PBXFileReference; lastKnownFileType = sourcecode.swift; path = ProductListServiceProtocol.swift; sourceTree = "<group>"; };
		210C576F2A106B66005BE9BD /* ProductListService.swift */ = {isa = PBXFileReference; lastKnownFileType = sourcecode.swift; path = ProductListService.swift; sourceTree = "<group>"; };
		210C57742A107036005BE9BD /* ProductListMock2.json */ = {isa = PBXFileReference; lastKnownFileType = text.json; path = ProductListMock2.json; sourceTree = "<group>"; };
		210C57762A10709A005BE9BD /* ProductListVCTests.swift */ = {isa = PBXFileReference; lastKnownFileType = sourcecode.swift; path = ProductListVCTests.swift; sourceTree = "<group>"; };
		210C57792A1073A0005BE9BD /* MockHelper.swift */ = {isa = PBXFileReference; lastKnownFileType = sourcecode.swift; path = MockHelper.swift; sourceTree = "<group>"; };
		210C577B2A1073EE005BE9BD /* ProductListMock3.json */ = {isa = PBXFileReference; lastKnownFileType = text.json; path = ProductListMock3.json; sourceTree = "<group>"; };
		210C57882A1154C5005BE9BD /* ProductListMock1.json */ = {isa = PBXFileReference; fileEncoding = 4; lastKnownFileType = text.json; path = ProductListMock1.json; sourceTree = "<group>"; };
		210C578A2A115534005BE9BD /* ProductListMock4.json */ = {isa = PBXFileReference; lastKnownFileType = text.json; path = ProductListMock4.json; sourceTree = "<group>"; };
/* End PBXFileReference section */

/* Begin PBXFrameworksBuildPhase section */
		210C571B2A0F0F41005BE9BD /* Frameworks */ = {
			isa = PBXFrameworksBuildPhase;
			buildActionMask = 2147483647;
			files = (
			);
			runOnlyForDeploymentPostprocessing = 0;
		};
		210C57312A0F0F43005BE9BD /* Frameworks */ = {
			isa = PBXFrameworksBuildPhase;
			buildActionMask = 2147483647;
			files = (
			);
			runOnlyForDeploymentPostprocessing = 0;
		};
		210C573B2A0F0F43005BE9BD /* Frameworks */ = {
			isa = PBXFrameworksBuildPhase;
			buildActionMask = 2147483647;
			files = (
			);
			runOnlyForDeploymentPostprocessing = 0;
		};
/* End PBXFrameworksBuildPhase section */

/* Begin PBXGroup section */
		210C57152A0F0F41005BE9BD = {
			isa = PBXGroup;
			children = (
				210C57202A0F0F41005BE9BD /* The Products */,
				210C57372A0F0F43005BE9BD /* The ProductsTests */,
				210C57412A0F0F43005BE9BD /* The ProductsUITests */,
				210C571F2A0F0F41005BE9BD /* Products */,
			);
			sourceTree = "<group>";
		};
		210C571F2A0F0F41005BE9BD /* Products */ = {
			isa = PBXGroup;
			children = (
				210C571E2A0F0F41005BE9BD /* The Products.app */,
				210C57342A0F0F43005BE9BD /* The ProductsTests.xctest */,
				210C573E2A0F0F43005BE9BD /* The ProductsUITests.xctest */,
			);
			name = Products;
			sourceTree = "<group>";
		};
		210C57202A0F0F41005BE9BD /* The Products */ = {
			isa = PBXGroup;
			children = (
				210C57512A0F0FDF005BE9BD /* MVVM */,
				210C57672A0FF500005BE9BD /* SupportFiles */,
			);
			path = "The Products";
			sourceTree = "<group>";
		};
		210C57372A0F0F43005BE9BD /* The ProductsTests */ = {
			isa = PBXGroup;
			children = (
				210C57792A1073A0005BE9BD /* MockHelper.swift */,
				210C57712A106FD9005BE9BD /* MockTestFiles */,
				210C57382A0F0F43005BE9BD /* The_ProductsTests.swift */,
				210C57762A10709A005BE9BD /* ProductListVCTests.swift */,
			);
			path = "The ProductsTests";
			sourceTree = "<group>";
		};
		210C57412A0F0F43005BE9BD /* The ProductsUITests */ = {
			isa = PBXGroup;
			children = (
				210C57422A0F0F43005BE9BD /* The_ProductsUITests.swift */,
				210C57442A0F0F43005BE9BD /* The_ProductsUITestsLaunchTests.swift */,
			);
			path = "The ProductsUITests";
			sourceTree = "<group>";
		};
		210C57512A0F0FDF005BE9BD /* MVVM */ = {
			isa = PBXGroup;
			children = (
				210C576A2A101C39005BE9BD /* Protocols */,
				210C57562A0F1018005BE9BD /* Service */,
				210C57552A0F1009005BE9BD /* Helper */,
				210C57542A0F0FFB005BE9BD /* View_Model */,
				210C57532A0F0FEE005BE9BD /* View */,
				210C57522A0F0FE6005BE9BD /* Model */,
			);
			path = MVVM;
			sourceTree = "<group>";
		};
		210C57522A0F0FE6005BE9BD /* Model */ = {
			isa = PBXGroup;
			children = (
				210C575B2A0F125B005BE9BD /* ProductsListModel.swift */,
			);
			path = Model;
			sourceTree = "<group>";
		};
		210C57532A0F0FEE005BE9BD /* View */ = {
			isa = PBXGroup;
			children = (
				210C57612A0F174D005BE9BD /* TableViewCells */,
				210C57642A0F17F5005BE9BD /* ViewControllers */,
			);
			path = View;
			sourceTree = "<group>";
		};
		210C57542A0F0FFB005BE9BD /* View_Model */ = {
			isa = PBXGroup;
			children = (
				210C575F2A0F127B005BE9BD /* ProductsListVM.swift */,
			);
			path = View_Model;
			sourceTree = "<group>";
		};
		210C57552A0F1009005BE9BD /* Helper */ = {
			isa = PBXGroup;
			children = (
				210C57572A0F1037005BE9BD /* Constants.swift */,
				210C57682A0FFA2B005BE9BD /* ImageDownload.swift */,
			);
			path = Helper;
			sourceTree = "<group>";
		};
		210C57562A0F1018005BE9BD /* Service */ = {
			isa = PBXGroup;
			children = (
				210C57592A0F122C005BE9BD /* ServiceManager.swift */,
				210C576F2A106B66005BE9BD /* ProductListService.swift */,
			);
			path = Service;
			sourceTree = "<group>";
		};
		210C57612A0F174D005BE9BD /* TableViewCells */ = {
			isa = PBXGroup;
			children = (
				210C57652A0F1847005BE9BD /* ProductsListTVCell.swift */,
			);
			path = TableViewCells;
			sourceTree = "<group>";
		};
		210C57642A0F17F5005BE9BD /* ViewControllers */ = {
			isa = PBXGroup;
			children = (
				210C575D2A0F1267005BE9BD /* ProductsListVC.swift */,
			);
			path = ViewControllers;
			sourceTree = "<group>";
		};
		210C57672A0FF500005BE9BD /* SupportFiles */ = {
			isa = PBXGroup;
			children = (
				210C57212A0F0F41005BE9BD /* AppDelegate.swift */,
				210C57232A0F0F41005BE9BD /* SceneDelegate.swift */,
				210C572C2A0F0F43005BE9BD /* LaunchScreen.storyboard */,
				210C572A2A0F0F43005BE9BD /* Assets.xcassets */,
				210C572F2A0F0F43005BE9BD /* Info.plist */,
			);
			path = SupportFiles;
			sourceTree = "<group>";
		};
		210C576A2A101C39005BE9BD /* Protocols */ = {
			isa = PBXGroup;
			children = (
				210C576B2A101C5A005BE9BD /* BehaviourProtocol.swift */,
				210C576D2A10640F005BE9BD /* ProductListServiceProtocol.swift */,
			);
			path = Protocols;
			sourceTree = "<group>";
		};
		210C57712A106FD9005BE9BD /* MockTestFiles */ = {
			isa = PBXGroup;
			children = (
				210C57882A1154C5005BE9BD /* ProductListMock1.json */,
				210C57742A107036005BE9BD /* ProductListMock2.json */,
				210C577B2A1073EE005BE9BD /* ProductListMock3.json */,
				210C578A2A115534005BE9BD /* ProductListMock4.json */,
			);
			path = MockTestFiles;
			sourceTree = "<group>";
		};
/* End PBXGroup section */

/* Begin PBXNativeTarget section */
		210C571D2A0F0F41005BE9BD /* The Products */ = {
			isa = PBXNativeTarget;
			buildConfigurationList = 210C57482A0F0F43005BE9BD /* Build configuration list for PBXNativeTarget "The Products" */;
			buildPhases = (
				210C571A2A0F0F41005BE9BD /* Sources */,
				210C571B2A0F0F41005BE9BD /* Frameworks */,
				210C571C2A0F0F41005BE9BD /* Resources */,
			);
			buildRules = (
			);
			dependencies = (
			);
			name = "The Products";
			productName = "The Products";
			productReference = 210C571E2A0F0F41005BE9BD /* The Products.app */;
			productType = "com.apple.product-type.application";
		};
		210C57332A0F0F43005BE9BD /* The ProductsTests */ = {
			isa = PBXNativeTarget;
			buildConfigurationList = 210C574B2A0F0F43005BE9BD /* Build configuration list for PBXNativeTarget "The ProductsTests" */;
			buildPhases = (
				210C57302A0F0F43005BE9BD /* Sources */,
				210C57312A0F0F43005BE9BD /* Frameworks */,
				210C57322A0F0F43005BE9BD /* Resources */,
			);
			buildRules = (
			);
			dependencies = (
				210C57362A0F0F43005BE9BD /* PBXTargetDependency */,
			);
			name = "The ProductsTests";
			productName = "The ProductsTests";
			productReference = 210C57342A0F0F43005BE9BD /* The ProductsTests.xctest */;
			productType = "com.apple.product-type.bundle.unit-test";
		};
		210C573D2A0F0F43005BE9BD /* The ProductsUITests */ = {
			isa = PBXNativeTarget;
			buildConfigurationList = 210C574E2A0F0F43005BE9BD /* Build configuration list for PBXNativeTarget "The ProductsUITests" */;
			buildPhases = (
				210C573A2A0F0F43005BE9BD /* Sources */,
				210C573B2A0F0F43005BE9BD /* Frameworks */,
				210C573C2A0F0F43005BE9BD /* Resources */,
			);
			buildRules = (
			);
			dependencies = (
				210C57402A0F0F43005BE9BD /* PBXTargetDependency */,
			);
			name = "The ProductsUITests";
			productName = "The ProductsUITests";
			productReference = 210C573E2A0F0F43005BE9BD /* The ProductsUITests.xctest */;
			productType = "com.apple.product-type.bundle.ui-testing";
		};
/* End PBXNativeTarget section */

/* Begin PBXProject section */
		210C57162A0F0F41005BE9BD /* Project object */ = {
			isa = PBXProject;
			attributes = {
				BuildIndependentTargetsInParallel = 1;
				LastSwiftUpdateCheck = 1430;
				LastUpgradeCheck = 1430;
				TargetAttributes = {
					210C571D2A0F0F41005BE9BD = {
						CreatedOnToolsVersion = 14.3;
					};
					210C57332A0F0F43005BE9BD = {
						CreatedOnToolsVersion = 14.3;
						TestTargetID = 210C571D2A0F0F41005BE9BD;
					};
					210C573D2A0F0F43005BE9BD = {
						CreatedOnToolsVersion = 14.3;
						TestTargetID = 210C571D2A0F0F41005BE9BD;
					};
				};
			};
			buildConfigurationList = 210C57192A0F0F41005BE9BD /* Build configuration list for PBXProject "The Products" */;
			compatibilityVersion = "Xcode 14.0";
			developmentRegion = en;
			hasScannedForEncodings = 0;
			knownRegions = (
				en,
				Base,
			);
			mainGroup = 210C57152A0F0F41005BE9BD;
			productRefGroup = 210C571F2A0F0F41005BE9BD /* Products */;
			projectDirPath = "";
			projectRoot = "";
			targets = (
				210C571D2A0F0F41005BE9BD /* The Products */,
				210C57332A0F0F43005BE9BD /* The ProductsTests */,
				210C573D2A0F0F43005BE9BD /* The ProductsUITests */,
			);
		};
/* End PBXProject section */

/* Begin PBXResourcesBuildPhase section */
		210C571C2A0F0F41005BE9BD /* Resources */ = {
			isa = PBXResourcesBuildPhase;
			buildActionMask = 2147483647;
			files = (
				210C572E2A0F0F43005BE9BD /* LaunchScreen.storyboard in Resources */,
				210C572B2A0F0F43005BE9BD /* Assets.xcassets in Resources */,
			);
			runOnlyForDeploymentPostprocessing = 0;
		};
		210C57322A0F0F43005BE9BD /* Resources */ = {
			isa = PBXResourcesBuildPhase;
			buildActionMask = 2147483647;
			files = (
				210C57752A107036005BE9BD /* ProductListMock2.json in Resources */,
				210C578B2A115534005BE9BD /* ProductListMock4.json in Resources */,
				210C57892A1154C5005BE9BD /* ProductListMock1.json in Resources */,
			);
			runOnlyForDeploymentPostprocessing = 0;
		};
		210C573C2A0F0F43005BE9BD /* Resources */ = {
			isa = PBXResourcesBuildPhase;
			buildActionMask = 2147483647;
			files = (
			);
			runOnlyForDeploymentPostprocessing = 0;
		};
/* End PBXResourcesBuildPhase section */

/* Begin PBXSourcesBuildPhase section */
		210C571A2A0F0F41005BE9BD /* Sources */ = {
			isa = PBXSourcesBuildPhase;
			buildActionMask = 2147483647;
			files = (
				210C57222A0F0F41005BE9BD /* AppDelegate.swift in Sources */,
				210C57602A0F127B005BE9BD /* ProductsListVM.swift in Sources */,
				210C57242A0F0F41005BE9BD /* SceneDelegate.swift in Sources */,
				210C57692A0FFA2B005BE9BD /* ImageDownload.swift in Sources */,
				210C57582A0F1037005BE9BD /* Constants.swift in Sources */,
				210C576E2A10640F005BE9BD /* ProductListServiceProtocol.swift in Sources */,
				210C575A2A0F122C005BE9BD /* ServiceManager.swift in Sources */,
				210C57662A0F1847005BE9BD /* ProductsListTVCell.swift in Sources */,
				210C576C2A101C5A005BE9BD /* BehaviourProtocol.swift in Sources */,
				210C57702A106B66005BE9BD /* ProductListService.swift in Sources */,
				210C575E2A0F1267005BE9BD /* ProductsListVC.swift in Sources */,
				210C575C2A0F125B005BE9BD /* ProductsListModel.swift in Sources */,
			);
			runOnlyForDeploymentPostprocessing = 0;
		};
		210C57302A0F0F43005BE9BD /* Sources */ = {
			isa = PBXSourcesBuildPhase;
			buildActionMask = 2147483647;
			files = (
				210C577A2A1073A0005BE9BD /* MockHelper.swift in Sources */,
				210C577E2A10788F005BE9BD /* ProductListService.swift in Sources */,
				210C577F2A107892005BE9BD /* ProductsListVM.swift in Sources */,
				210C57862A1078AE005BE9BD /* ProductsListModel.swift in Sources */,
				210C57812A10789B005BE9BD /* ImageDownload.swift in Sources */,
				210C57832A1078A2005BE9BD /* ServiceManager.swift in Sources */,
				210C57852A1078AB005BE9BD /* SceneDelegate.swift in Sources */,
				210C577C2A1073EE005BE9BD /* ProductListMock3.json in Sources */,
				210C57782A1070C5005BE9BD /* ProductsListVC.swift in Sources */,
				210C57842A1078A6005BE9BD /* BehaviourProtocol.swift in Sources */,
				210C57392A0F0F43005BE9BD /* The_ProductsTests.swift in Sources */,
				210C57802A107898005BE9BD /* ProductsListTVCell.swift in Sources */,
				210C57772A10709A005BE9BD /* ProductListVCTests.swift in Sources */,
				210C577D2A107889005BE9BD /* ProductListServiceProtocol.swift in Sources */,
				210C57822A10789F005BE9BD /* Constants.swift in Sources */,
			);
			runOnlyForDeploymentPostprocessing = 0;
		};
		210C573A2A0F0F43005BE9BD /* Sources */ = {
			isa = PBXSourcesBuildPhase;
			buildActionMask = 2147483647;
			files = (
				210C57452A0F0F43005BE9BD /* The_ProductsUITestsLaunchTests.swift in Sources */,
				210C57432A0F0F43005BE9BD /* The_ProductsUITests.swift in Sources */,
			);
			runOnlyForDeploymentPostprocessing = 0;
		};
/* End PBXSourcesBuildPhase section */

/* Begin PBXTargetDependency section */
		210C57362A0F0F43005BE9BD /* PBXTargetDependency */ = {
			isa = PBXTargetDependency;
			target = 210C571D2A0F0F41005BE9BD /* The Products */;
			targetProxy = 210C57352A0F0F43005BE9BD /* PBXContainerItemProxy */;
		};
		210C57402A0F0F43005BE9BD /* PBXTargetDependency */ = {
			isa = PBXTargetDependency;
			target = 210C571D2A0F0F41005BE9BD /* The Products */;
			targetProxy = 210C573F2A0F0F43005BE9BD /* PBXContainerItemProxy */;
		};
/* End PBXTargetDependency section */

/* Begin PBXVariantGroup section */
		210C572C2A0F0F43005BE9BD /* LaunchScreen.storyboard */ = {
			isa = PBXVariantGroup;
			children = (
				210C572D2A0F0F43005BE9BD /* Base */,
			);
			name = LaunchScreen.storyboard;
			sourceTree = "<group>";
		};
/* End PBXVariantGroup section */

/* Begin XCBuildConfiguration section */
		210C57462A0F0F43005BE9BD /* Debug */ = {
			isa = XCBuildConfiguration;
			buildSettings = {
				ALWAYS_SEARCH_USER_PATHS = NO;
				CLANG_ANALYZER_NONNULL = YES;
				CLANG_ANALYZER_NUMBER_OBJECT_CONVERSION = YES_AGGRESSIVE;
				CLANG_CXX_LANGUAGE_STANDARD = "gnu++20";
				CLANG_ENABLE_MODULES = YES;
				CLANG_ENABLE_OBJC_ARC = YES;
				CLANG_ENABLE_OBJC_WEAK = YES;
				CLANG_WARN_BLOCK_CAPTURE_AUTORELEASING = YES;
				CLANG_WARN_BOOL_CONVERSION = YES;
				CLANG_WARN_COMMA = YES;
				CLANG_WARN_CONSTANT_CONVERSION = YES;
				CLANG_WARN_DEPRECATED_OBJC_IMPLEMENTATIONS = YES;
				CLANG_WARN_DIRECT_OBJC_ISA_USAGE = YES_ERROR;
				CLANG_WARN_DOCUMENTATION_COMMENTS = YES;
				CLANG_WARN_EMPTY_BODY = YES;
				CLANG_WARN_ENUM_CONVERSION = YES;
				CLANG_WARN_INFINITE_RECURSION = YES;
				CLANG_WARN_INT_CONVERSION = YES;
				CLANG_WARN_NON_LITERAL_NULL_CONVERSION = YES;
				CLANG_WARN_OBJC_IMPLICIT_RETAIN_SELF = YES;
				CLANG_WARN_OBJC_LITERAL_CONVERSION = YES;
				CLANG_WARN_OBJC_ROOT_CLASS = YES_ERROR;
				CLANG_WARN_QUOTED_INCLUDE_IN_FRAMEWORK_HEADER = YES;
				CLANG_WARN_RANGE_LOOP_ANALYSIS = YES;
				CLANG_WARN_STRICT_PROTOTYPES = YES;
				CLANG_WARN_SUSPICIOUS_MOVE = YES;
				CLANG_WARN_UNGUARDED_AVAILABILITY = YES_AGGRESSIVE;
				CLANG_WARN_UNREACHABLE_CODE = YES;
				CLANG_WARN__DUPLICATE_METHOD_MATCH = YES;
				COPY_PHASE_STRIP = NO;
				DEBUG_INFORMATION_FORMAT = dwarf;
				ENABLE_STRICT_OBJC_MSGSEND = YES;
				ENABLE_TESTABILITY = YES;
				GCC_C_LANGUAGE_STANDARD = gnu11;
				GCC_DYNAMIC_NO_PIC = NO;
				GCC_NO_COMMON_BLOCKS = YES;
				GCC_OPTIMIZATION_LEVEL = 0;
				GCC_PREPROCESSOR_DEFINITIONS = (
					"DEBUG=1",
					"$(inherited)",
				);
				GCC_WARN_64_TO_32_BIT_CONVERSION = YES;
				GCC_WARN_ABOUT_RETURN_TYPE = YES_ERROR;
				GCC_WARN_UNDECLARED_SELECTOR = YES;
				GCC_WARN_UNINITIALIZED_AUTOS = YES_AGGRESSIVE;
				GCC_WARN_UNUSED_FUNCTION = YES;
				GCC_WARN_UNUSED_VARIABLE = YES;
				IPHONEOS_DEPLOYMENT_TARGET = 16.4;
				MTL_ENABLE_DEBUG_INFO = INCLUDE_SOURCE;
				MTL_FAST_MATH = YES;
				ONLY_ACTIVE_ARCH = YES;
				SDKROOT = iphoneos;
				SWIFT_ACTIVE_COMPILATION_CONDITIONS = DEBUG;
				SWIFT_OPTIMIZATION_LEVEL = "-Onone";
			};
			name = Debug;
		};
		210C57472A0F0F43005BE9BD /* Release */ = {
			isa = XCBuildConfiguration;
			buildSettings = {
				ALWAYS_SEARCH_USER_PATHS = NO;
				CLANG_ANALYZER_NONNULL = YES;
				CLANG_ANALYZER_NUMBER_OBJECT_CONVERSION = YES_AGGRESSIVE;
				CLANG_CXX_LANGUAGE_STANDARD = "gnu++20";
				CLANG_ENABLE_MODULES = YES;
				CLANG_ENABLE_OBJC_ARC = YES;
				CLANG_ENABLE_OBJC_WEAK = YES;
				CLANG_WARN_BLOCK_CAPTURE_AUTORELEASING = YES;
				CLANG_WARN_BOOL_CONVERSION = YES;
				CLANG_WARN_COMMA = YES;
				CLANG_WARN_CONSTANT_CONVERSION = YES;
				CLANG_WARN_DEPRECATED_OBJC_IMPLEMENTATIONS = YES;
				CLANG_WARN_DIRECT_OBJC_ISA_USAGE = YES_ERROR;
				CLANG_WARN_DOCUMENTATION_COMMENTS = YES;
				CLANG_WARN_EMPTY_BODY = YES;
				CLANG_WARN_ENUM_CONVERSION = YES;
				CLANG_WARN_INFINITE_RECURSION = YES;
				CLANG_WARN_INT_CONVERSION = YES;
				CLANG_WARN_NON_LITERAL_NULL_CONVERSION = YES;
				CLANG_WARN_OBJC_IMPLICIT_RETAIN_SELF = YES;
				CLANG_WARN_OBJC_LITERAL_CONVERSION = YES;
				CLANG_WARN_OBJC_ROOT_CLASS = YES_ERROR;
				CLANG_WARN_QUOTED_INCLUDE_IN_FRAMEWORK_HEADER = YES;
				CLANG_WARN_RANGE_LOOP_ANALYSIS = YES;
				CLANG_WARN_STRICT_PROTOTYPES = YES;
				CLANG_WARN_SUSPICIOUS_MOVE = YES;
				CLANG_WARN_UNGUARDED_AVAILABILITY = YES_AGGRESSIVE;
				CLANG_WARN_UNREACHABLE_CODE = YES;
				CLANG_WARN__DUPLICATE_METHOD_MATCH = YES;
				COPY_PHASE_STRIP = NO;
				DEBUG_INFORMATION_FORMAT = "dwarf-with-dsym";
				ENABLE_NS_ASSERTIONS = NO;
				ENABLE_STRICT_OBJC_MSGSEND = YES;
				GCC_C_LANGUAGE_STANDARD = gnu11;
				GCC_NO_COMMON_BLOCKS = YES;
				GCC_WARN_64_TO_32_BIT_CONVERSION = YES;
				GCC_WARN_ABOUT_RETURN_TYPE = YES_ERROR;
				GCC_WARN_UNDECLARED_SELECTOR = YES;
				GCC_WARN_UNINITIALIZED_AUTOS = YES_AGGRESSIVE;
				GCC_WARN_UNUSED_FUNCTION = YES;
				GCC_WARN_UNUSED_VARIABLE = YES;
				IPHONEOS_DEPLOYMENT_TARGET = 16.4;
				MTL_ENABLE_DEBUG_INFO = NO;
				MTL_FAST_MATH = YES;
				SDKROOT = iphoneos;
				SWIFT_COMPILATION_MODE = wholemodule;
				SWIFT_OPTIMIZATION_LEVEL = "-O";
				VALIDATE_PRODUCT = YES;
			};
			name = Release;
		};
		210C57492A0F0F43005BE9BD /* Debug */ = {
			isa = XCBuildConfiguration;
			buildSettings = {
				ASSETCATALOG_COMPILER_APPICON_NAME = AppIcon;
				ASSETCATALOG_COMPILER_GLOBAL_ACCENT_COLOR_NAME = AccentColor;
				CODE_SIGN_STYLE = Automatic;
				CURRENT_PROJECT_VERSION = 1;
				GENERATE_INFOPLIST_FILE = YES;
				INFOPLIST_FILE = "The Products/SupportFiles/Info.plist";
				INFOPLIST_KEY_UIApplicationSupportsIndirectInputEvents = YES;
				INFOPLIST_KEY_UILaunchStoryboardName = LaunchScreen.storyboard;
				INFOPLIST_KEY_UIMainStoryboardFile = "";
				INFOPLIST_KEY_UISupportedInterfaceOrientations_iPad = "UIInterfaceOrientationPortrait UIInterfaceOrientationPortraitUpsideDown UIInterfaceOrientationLandscapeLeft UIInterfaceOrientationLandscapeRight";
				INFOPLIST_KEY_UISupportedInterfaceOrientations_iPhone = "UIInterfaceOrientationPortrait UIInterfaceOrientationLandscapeLeft UIInterfaceOrientationLandscapeRight";
				LD_RUNPATH_SEARCH_PATHS = (
					"$(inherited)",
					"@executable_path/Frameworks",
				);
				MARKETING_VERSION = 1.0;
				PRODUCT_BUNDLE_IDENTIFIER = "com.sample.The-Products";
				PRODUCT_NAME = "$(TARGET_NAME)";
				SWIFT_EMIT_LOC_STRINGS = YES;
				SWIFT_VERSION = 5.0;
				TARGETED_DEVICE_FAMILY = "1,2";
			};
			name = Debug;
		};
		210C574A2A0F0F43005BE9BD /* Release */ = {
			isa = XCBuildConfiguration;
			buildSettings = {
				ASSETCATALOG_COMPILER_APPICON_NAME = AppIcon;
				ASSETCATALOG_COMPILER_GLOBAL_ACCENT_COLOR_NAME = AccentColor;
				CODE_SIGN_STYLE = Automatic;
				CURRENT_PROJECT_VERSION = 1;
				GENERATE_INFOPLIST_FILE = YES;
				INFOPLIST_FILE = "The Products/SupportFiles/Info.plist";
				INFOPLIST_KEY_UIApplicationSupportsIndirectInputEvents = YES;
				INFOPLIST_KEY_UILaunchStoryboardName = LaunchScreen.storyboard;
				INFOPLIST_KEY_UIMainStoryboardFile = "";
				INFOPLIST_KEY_UISupportedInterfaceOrientations_iPad = "UIInterfaceOrientationPortrait UIInterfaceOrientationPortraitUpsideDown UIInterfaceOrientationLandscapeLeft UIInterfaceOrientationLandscapeRight";
				INFOPLIST_KEY_UISupportedInterfaceOrientations_iPhone = "UIInterfaceOrientationPortrait UIInterfaceOrientationLandscapeLeft UIInterfaceOrientationLandscapeRight";
				LD_RUNPATH_SEARCH_PATHS = (
					"$(inherited)",
					"@executable_path/Frameworks",
				);
				MARKETING_VERSION = 1.0;
				PRODUCT_BUNDLE_IDENTIFIER = "com.sample.The-Products";
				PRODUCT_NAME = "$(TARGET_NAME)";
				SWIFT_EMIT_LOC_STRINGS = YES;
				SWIFT_VERSION = 5.0;
				TARGETED_DEVICE_FAMILY = "1,2";
			};
			name = Release;
		};
		210C574C2A0F0F43005BE9BD /* Debug */ = {
			isa = XCBuildConfiguration;
			buildSettings = {
				ALWAYS_EMBED_SWIFT_STANDARD_LIBRARIES = YES;
				BUNDLE_LOADER = "$(TEST_HOST)";
				CODE_SIGN_STYLE = Automatic;
				CURRENT_PROJECT_VERSION = 1;
				GENERATE_INFOPLIST_FILE = YES;
				IPHONEOS_DEPLOYMENT_TARGET = 16.4;
				MARKETING_VERSION = 1.0;
				PRODUCT_BUNDLE_IDENTIFIER = "com.sample.The-ProductsTests";
				PRODUCT_NAME = "$(TARGET_NAME)";
				SWIFT_EMIT_LOC_STRINGS = NO;
				SWIFT_VERSION = 5.0;
				TARGETED_DEVICE_FAMILY = "1,2";
				TEST_HOST = "$(BUILT_PRODUCTS_DIR)/The Products.app/$(BUNDLE_EXECUTABLE_FOLDER_PATH)/The Products";
			};
			name = Debug;
		};
		210C574D2A0F0F43005BE9BD /* Release */ = {
			isa = XCBuildConfiguration;
			buildSettings = {
				ALWAYS_EMBED_SWIFT_STANDARD_LIBRARIES = YES;
				BUNDLE_LOADER = "$(TEST_HOST)";
				CODE_SIGN_STYLE = Automatic;
				CURRENT_PROJECT_VERSION = 1;
				GENERATE_INFOPLIST_FILE = YES;
				IPHONEOS_DEPLOYMENT_TARGET = 16.4;
				MARKETING_VERSION = 1.0;
				PRODUCT_BUNDLE_IDENTIFIER = "com.sample.The-ProductsTests";
				PRODUCT_NAME = "$(TARGET_NAME)";
				SWIFT_EMIT_LOC_STRINGS = NO;
				SWIFT_VERSION = 5.0;
				TARGETED_DEVICE_FAMILY = "1,2";
				TEST_HOST = "$(BUILT_PRODUCTS_DIR)/The Products.app/$(BUNDLE_EXECUTABLE_FOLDER_PATH)/The Products";
			};
			name = Release;
		};
		210C574F2A0F0F43005BE9BD /* Debug */ = {
			isa = XCBuildConfiguration;
			buildSettings = {
				ALWAYS_EMBED_SWIFT_STANDARD_LIBRARIES = YES;
				CODE_SIGN_STYLE = Automatic;
				CURRENT_PROJECT_VERSION = 1;
				GENERATE_INFOPLIST_FILE = YES;
				MARKETING_VERSION = 1.0;
				PRODUCT_BUNDLE_IDENTIFIER = "com.sample.The-ProductsUITests";
				PRODUCT_NAME = "$(TARGET_NAME)";
				SWIFT_EMIT_LOC_STRINGS = NO;
				SWIFT_VERSION = 5.0;
				TARGETED_DEVICE_FAMILY = "1,2";
				TEST_TARGET_NAME = "The Products";
			};
			name = Debug;
		};
		210C57502A0F0F43005BE9BD /* Release */ = {
			isa = XCBuildConfiguration;
			buildSettings = {
				ALWAYS_EMBED_SWIFT_STANDARD_LIBRARIES = YES;
				CODE_SIGN_STYLE = Automatic;
				CURRENT_PROJECT_VERSION = 1;
				GENERATE_INFOPLIST_FILE = YES;
				MARKETING_VERSION = 1.0;
				PRODUCT_BUNDLE_IDENTIFIER = "com.sample.The-ProductsUITests";
				PRODUCT_NAME = "$(TARGET_NAME)";
				SWIFT_EMIT_LOC_STRINGS = NO;
				SWIFT_VERSION = 5.0;
				TARGETED_DEVICE_FAMILY = "1,2";
				TEST_TARGET_NAME = "The Products";
			};
			name = Release;
		};
/* End XCBuildConfiguration section */

/* Begin XCConfigurationList section */
		210C57192A0F0F41005BE9BD /* Build configuration list for PBXProject "The Products" */ = {
			isa = XCConfigurationList;
			buildConfigurations = (
				210C57462A0F0F43005BE9BD /* Debug */,
				210C57472A0F0F43005BE9BD /* Release */,
			);
			defaultConfigurationIsVisible = 0;
			defaultConfigurationName = Release;
		};
		210C57482A0F0F43005BE9BD /* Build configuration list for PBXNativeTarget "The Products" */ = {
			isa = XCConfigurationList;
			buildConfigurations = (
				210C57492A0F0F43005BE9BD /* Debug */,
				210C574A2A0F0F43005BE9BD /* Release */,
			);
			defaultConfigurationIsVisible = 0;
			defaultConfigurationName = Release;
		};
		210C574B2A0F0F43005BE9BD /* Build configuration list for PBXNativeTarget "The ProductsTests" */ = {
			isa = XCConfigurationList;
			buildConfigurations = (
				210C574C2A0F0F43005BE9BD /* Debug */,
				210C574D2A0F0F43005BE9BD /* Release */,
			);
			defaultConfigurationIsVisible = 0;
			defaultConfigurationName = Release;
		};
		210C574E2A0F0F43005BE9BD /* Build configuration list for PBXNativeTarget "The ProductsUITests" */ = {
			isa = XCConfigurationList;
			buildConfigurations = (
				210C574F2A0F0F43005BE9BD /* Debug */,
				210C57502A0F0F43005BE9BD /* Release */,
			);
			defaultConfigurationIsVisible = 0;
			defaultConfigurationName = Release;
		};
/* End XCConfigurationList section */
	};
	rootObject = 210C57162A0F0F41005BE9BD /* Project object */;
}
